<?xml version="1.0" encoding="UTF-8"?>
<!DOCTYPE plist PUBLIC "-//Apple//DTD PLIST 1.0//EN" "http://www.apple.com/DTDs/PropertyList-1.0.dtd">
<plist version="1.0">
<dict>
	<key>archiveVersion</key>
	<string>1</string>
	<key>classes</key>
	<dict/>
	<key>objectVersion</key>
	<string>56</string>
	<key>objects</key>
	<dict>
		<key>CF71265D7B1D119762E00D96</key>
		<dict>
			<key>isa</key>
			<string>PBXFileReference</string>
			<key>lastKnownFileType</key>
			<string>sourcecode.swift</string>
			<key>path</key>
			<string>App/NidaaProofApp.swift</string>
			<key>sourceTree</key>
			<string>&lt;group&gt;</string>
		</dict>
		<key>1B0F176134859935740537F5</key>
		<dict>
			<key>isa</key>
			<string>PBXBuildFile</string>
			<key>fileRef</key>
			<string>CF71265D7B1D119762E00D96</string>
		</dict>
		<key>295E1EA9E1C810B5D3520FA7</key>
		<dict>
			<key>isa</key>
			<string>PBXFileReference</string>
			<key>lastKnownFileType</key>
			<string>sourcecode.swift</string>
			<key>path</key>
			<string>App/ProofStore.swift</string>
			<key>sourceTree</key>
			<string>&lt;group&gt;</string>
		</dict>
		<key>380F5B81BE742D2A1035BD85</key>
		<dict>
			<key>isa</key>
			<string>PBXBuildFile</string>
			<key>fileRef</key>
			<string>295E1EA9E1C810B5D3520FA7</string>
		</dict>
		<key>E0711E1090D11B50809BFEAC</key>
		<dict>
			<key>isa</key>
			<string>PBXFileReference</string>
			<key>lastKnownFileType</key>
			<string>sourcecode.swift</string>
			<key>path</key>
			<string>App/ProofView.swift</string>
			<key>sourceTree</key>
			<string>&lt;group&gt;</string>
		</dict>
		<key>02CC08F56214CCC9E21572A6</key>
		<dict>
			<key>isa</key>
			<string>PBXBuildFile</string>
			<key>fileRef</key>
			<string>E0711E1090D11B50809BFEAC</string>
		</dict>
		<key>394EEEAE525E9FD2EFA8D844</key>
		<dict>
			<key>isa</key>
			<string>PBXFileReference</string>
			<key>lastKnownFileType</key>
			<string>sourcecode.swift</string>
			<key>path</key>
			<string>App/Services/LocalAuthenticationService.swift</string>
			<key>sourceTree</key>
			<string>&lt;group&gt;</string>
		</dict>
		<key>FD3DEDEC4EAFAC1361960809</key>
		<dict>
			<key>isa</key>
			<string>PBXBuildFile</string>
			<key>fileRef</key>
			<string>394EEEAE525E9FD2EFA8D844</string>
		</dict>
		<key>C20FFE94F73233D60DC74301</key>
		<dict>
			<key>isa</key>
			<string>PBXFileReference</string>
			<key>lastKnownFileType</key>
			<string>sourcecode.swift</string>
			<key>path</key>
			<string>App/Services/NotificationService.swift</string>
			<key>sourceTree</key>
			<string>&lt;group&gt;</string>
		</dict>
		<key>747812EEBB82067539DAAF72</key>
		<dict>
			<key>isa</key>
			<string>PBXBuildFile</string>
			<key>fileRef</key>
			<string>C20FFE94F73233D60DC74301</string>
		</dict>
		<key>BA3A0396A13C668ACCE40D2D</key>
		<dict>
			<key>isa</key>
			<string>PBXFileReference</string>
			<key>lastKnownFileType</key>
			<string>sourcecode.swift</string>
			<key>path</key>
			<string>App/Services/RemoteRegistrationService.swift</string>
			<key>sourceTree</key>
			<string>&lt;group&gt;</string>
		</dict>
		<key>1A3A61315CCF6ACA78BE974A</key>
		<dict>
			<key>isa</key>
			<string>PBXBuildFile</string>
			<key>fileRef</key>
			<string>BA3A0396A13C668ACCE40D2D</string>
		</dict>
		<key>06271BAF49532C879AA3C58B</key>
		<dict>
			<key>isa</key>
			<string>PBXFileReference</string>
			<key>lastKnownFileType</key>
			<string>text.plist.xml</string>
			<key>path</key>
			<string>App/Info.plist</string>
			<key>sourceTree</key>
			<string>&lt;group&gt;</string>
		</dict>
		<key>CAE662172FD450BB0CD710A7</key>
		<dict>
			<key>isa</key>
			<string>PBXFileReference</string>
			<key>lastKnownFileType</key>
			<string>text.xcconfig</string>
			<key>path</key>
			<string>Config/Base.xcconfig</string>
			<key>sourceTree</key>
			<string>&lt;group&gt;</string>
		</dict>
		<key>ADC5877FB1DA7D50EEC1C7B3</key>
		<dict>
			<key>isa</key>
			<string>PBXFileReference</string>
			<key>lastKnownFileType</key>
			<string>text.plist.entitlements</string>
			<key>path</key>
			<string>Config/APNs.entitlements</string>
			<key>sourceTree</key>
			<string>&lt;group&gt;</string>
		</dict>
		<key>BC4A71180870F7945155FBB0</key>
		<dict>
			<key>isa</key>
			<string>XCLocalSwiftPackageReference</string>
			<key>relativePath</key>
			<string>ProofCore</string>
		</dict>
		<key>8473FB7C391915EE75DAD5DA</key>
		<dict>
			<key>isa</key>
			<string>XCSwiftPackageProductDependency</string>
			<key>package</key>
			<string>BC4A71180870F7945155FBB0</string>
			<key>productName</key>
			<string>ProofCore</string>
		</dict>
		<key>91596F6079D535D734C1642A</key>
		<dict>
			<key>isa</key>
			<string>PBXBuildFile</string>
			<key>productRef</key>
			<string>8473FB7C391915EE75DAD5DA</string>
		</dict>
		<key>A172CEDCAE47474B615C54D5</key>
		<dict>
			<key>isa</key>
			<string>PBXFileReference</string>
			<key>explicitFileType</key>
			<string>wrapper.application</string>
			<key>includeInIndex</key>
			<integer>0</integer>
			<key>path</key>
			<string>NidaaProof.app</string>
			<key>sourceTree</key>
			<string>BUILT_PRODUCTS_DIR</string>
		</dict>
		<key>0A3E27B8CA818264D75C8D81</key>
		<dict>
			<key>isa</key>
			<string>PBXGroup</string>
			<key>children</key>
			<array>
				<string>A172CEDCAE47474B615C54D5</string>
			</array>
			<key>name</key>
			<string>Products</string>
			<key>sourceTree</key>
			<string>&lt;group&gt;</string>
		</dict>
		<key>AD936FCBED631FA67E05C3EA</key>
		<dict>
			<key>isa</key>
			<string>PBXGroup</string>
			<key>children</key>
			<array>
				<string>CF71265D7B1D119762E00D96</string>
				<string>295E1EA9E1C810B5D3520FA7</string>
				<string>E0711E1090D11B50809BFEAC</string>
				<string>394EEEAE525E9FD2EFA8D844</string>
				<string>C20FFE94F73233D60DC74301</string>
				<string>BA3A0396A13C668ACCE40D2D</string>
				<string>06271BAF49532C879AA3C58B</string>
				<string>CAE662172FD450BB0CD710A7</string>
				<string>ADC5877FB1DA7D50EEC1C7B3</string>
				<string>0A3E27B8CA818264D75C8D81</string>
			</array>
			<key>sourceTree</key>
			<string>&lt;group&gt;</string>
		</dict>
		<key>878A52FC5FF6A57D50B7B870</key>
		<dict>
			<key>isa</key>
			<string>PBXSourcesBuildPhase</string>
			<key>buildActionMask</key>
			<integer>2147483647</integer>
			<key>files</key>
			<array>
				<string>1B0F176134859935740537F5</string>
				<string>380F5B81BE742D2A1035BD85</string>
				<string>02CC08F56214CCC9E21572A6</string>
				<string>FD3DEDEC4EAFAC1361960809</string>
				<string>747812EEBB82067539DAAF72</string>
				<string>1A3A61315CCF6ACA78BE974A</string>
			</array>
			<key>runOnlyForDeploymentPostprocessing</key>
			<integer>0</integer>
		</dict>
		<key>E2AA269EB967A8853A258BFA</key>
		<dict>
			<key>isa</key>
			<string>PBXFrameworksBuildPhase</string>
			<key>buildActionMask</key>
			<integer>2147483647</integer>
			<key>files</key>
			<array>
				<string>91596F6079D535D734C1642A</string>
			</array>
			<key>runOnlyForDeploymentPostprocessing</key>
			<integer>0</integer>
		</dict>
		<key>41D311A605520FC7B8B9A980</key>
		<dict>
			<key>isa</key>
			<string>PBXResourcesBuildPhase</string>
			<key>buildActionMask</key>
			<integer>2147483647</integer>
			<key>files</key>
			<array/>
			<key>runOnlyForDeploymentPostprocessing</key>
			<integer>0</integer>
		</dict>
		<key>7607E060366236497909AD63</key>
		<dict>
			<key>isa</key>
			<string>XCBuildConfiguration</string>
			<key>name</key>
			<string>Debug</string>
			<key>buildSettings</key>
			<dict>
				<key>SDKROOT</key>
				<string>iphoneos</string>
				<key>CLANG_ENABLE_MODULES</key>
				<string>YES</string>
				<key>ENABLE_STRICT_OBJC_MSGSEND</key>
				<string>YES</string>
				<key>SWIFT_OPTIMIZATION_LEVEL</key>
				<string>-Onone</string>
				<key>SWIFT_COMPILATION_MODE</key>
				<string>singlefile</string>
				<key>DEBUG_INFORMATION_FORMAT</key>
				<string>dwarf</string>
			</dict>
		</dict>
		<key>20D16222A5CB9C5786FEB6B3</key>
		<dict>
			<key>isa</key>
			<string>XCBuildConfiguration</string>
			<key>name</key>
			<string>Debug</string>
			<key>baseConfigurationReference</key>
			<string>CAE662172FD450BB0CD710A7</string>
			<key>buildSettings</key>
			<dict>
				<key>PRODUCT_NAME</key>
				<string>NidaaProof</string>
				<key>SWIFT_ACTIVE_COMPILATION_CONDITIONS</key>
				<string>$(inherited) DEBUG</string>
				<key>CODE_SIGN_ENTITLEMENTS</key>
				<string></string>
				<key>LD_RUNPATH_SEARCH_PATHS</key>
				<array>
					<string>$(inherited)</string>
					<string>@executable_path/Frameworks</string>
				</array>
				<key>ENABLE_PREVIEWS</key>
				<string>YES</string>
				<key>ENABLE_TESTABILITY</key>
				<string>YES</string>
				<key>SUPPORTED_PLATFORMS</key>
				<string>iphoneos iphonesimulator</string>
			</dict>
		</dict>
		<key>0CC31A010A9EAFED2597BEBC</key>
		<dict>
			<key>isa</key>
			<string>XCBuildConfiguration</string>
			<key>name</key>
			<string>Release</string>
			<key>buildSettings</key>
			<dict>
				<key>SDKROOT</key>
				<string>iphoneos</string>
				<key>CLANG_ENABLE_MODULES</key>
				<string>YES</string>
				<key>ENABLE_STRICT_OBJC_MSGSEND</key>
				<string>YES</string>
				<key>SWIFT_OPTIMIZATION_LEVEL</key>
				<string>-O</string>
				<key>SWIFT_COMPILATION_MODE</key>
				<string>wholemodule</string>
				<key>DEBUG_INFORMATION_FORMAT</key>
				<string>dwarf-with-dsym</string>
			</dict>
		</dict>
		<key>A74CFA757CE7CA1700BC6197</key>
		<dict>
			<key>isa</key>
			<string>XCBuildConfiguration</string>
			<key>name</key>
			<string>Release</string>
			<key>baseConfigurationReference</key>
			<string>CAE662172FD450BB0CD710A7</string>
			<key>buildSettings</key>
			<dict>
				<key>PRODUCT_NAME</key>
				<string>NidaaProof</string>
				<key>SWIFT_ACTIVE_COMPILATION_CONDITIONS</key>
				<string>$(inherited)</string>
				<key>CODE_SIGN_ENTITLEMENTS</key>
				<string></string>
				<key>LD_RUNPATH_SEARCH_PATHS</key>
				<array>
					<string>$(inherited)</string>
					<string>@executable_path/Frameworks</string>
				</array>
				<key>ENABLE_PREVIEWS</key>
				<string>YES</string>
				<key>ENABLE_TESTABILITY</key>
				<string>NO</string>
				<key>SUPPORTED_PLATFORMS</key>
				<string>iphoneos iphonesimulator</string>
			</dict>
		</dict>
		<key>C8F11856DC180C1D6639EFDC</key>
		<dict>
			<key>isa</key>
			<string>XCBuildConfiguration</string>
			<key>name</key>
			<string>APNs-Debug</string>
			<key>buildSettings</key>
			<dict>
				<key>SDKROOT</key>
				<string>iphoneos</string>
				<key>CLANG_ENABLE_MODULES</key>
				<string>YES</string>
				<key>ENABLE_STRICT_OBJC_MSGSEND</key>
				<string>YES</string>
				<key>SWIFT_OPTIMIZATION_LEVEL</key>
				<string>-Onone</string>
				<key>SWIFT_COMPILATION_MODE</key>
				<string>singlefile</string>
				<key>DEBUG_INFORMATION_FORMAT</key>
				<string>dwarf</string>
			</dict>
		</dict>
		<key>11818935F2B39E94CACA2384</key>
		<dict>
			<key>isa</key>
			<string>XCBuildConfiguration</string>
			<key>name</key>
			<string>APNs-Debug</string>
			<key>baseConfigurationReference</key>
			<string>CAE662172FD450BB0CD710A7</string>
			<key>buildSettings</key>
			<dict>
				<key>PRODUCT_NAME</key>
				<string>NidaaProof</string>
				<key>SWIFT_ACTIVE_COMPILATION_CONDITIONS</key>
				<string>$(inherited) DEBUG APNS_ENABLED</string>
				<key>CODE_SIGN_ENTITLEMENTS</key>
				<string>Config/APNs.entitlements</string>
				<key>LD_RUNPATH_SEARCH_PATHS</key>
				<array>
					<string>$(inherited)</string>
					<string>@executable_path/Frameworks</string>
				</array>
				<key>ENABLE_PREVIEWS</key>
				<string>YES</string>
				<key>ENABLE_TESTABILITY</key>
				<string>YES</string>
				<key>SUPPORTED_PLATFORMS</key>
				<string>iphoneos iphonesimulator</string>
			</dict>
		</dict>
		<key>C631E4B921CE4474D0AB93BD</key>
		<dict>
			<key>isa</key>
			<string>XCConfigurationList</string>
			<key>buildConfigurations</key>
			<array>
				<string>7607E060366236497909AD63</string>
				<string>0CC31A010A9EAFED2597BEBC</string>
				<string>C8F11856DC180C1D6639EFDC</string>
			</array>
			<key>defaultConfigurationIsVisible</key>
			<integer>0</integer>
			<key>defaultConfigurationName</key>
			<string>Debug</string>
		</dict>
		<key>E4258A205610D5937B99C201</key>
		<dict>
			<key>isa</key>
			<string>XCConfigurationList</string>
			<key>buildConfigurations</key>
			<array>
				<string>20D16222A5CB9C5786FEB6B3</string>
				<string>A74CFA757CE7CA1700BC6197</string>
				<string>11818935F2B39E94CACA2384</string>
			</array>
			<key>defaultConfigurationIsVisible</key>
			<integer>0</integer>
			<key>defaultConfigurationName</key>
			<string>Debug</string>
		</dict>
		<key>34A04005BCAF206EEC990BD9</key>
		<dict>
			<key>isa</key>
			<string>PBXNativeTarget</string>
			<key>buildConfigurationList</key>
			<string>E4258A205610D5937B99C201</string>
			<key>buildPhases</key>
			<array>
				<string>878A52FC5FF6A57D50B7B870</string>
				<string>E2AA269EB967A8853A258BFA</string>
				<string>41D311A605520FC7B8B9A980</string>
			</array>
			<key>buildRules</key>
			<array/>
			<key>dependencies</key>
			<array/>
			<key>name</key>
			<string>NidaaProof</string>
			<key>packageProductDependencies</key>
			<array>
				<string>8473FB7C391915EE75DAD5DA</string>
			</array>
			<key>productName</key>
			<string>NidaaProof</string>
			<key>productReference</key>
			<string>A172CEDCAE47474B615C54D5</string>
			<key>productType</key>
			<string>com.apple.product-type.application</string>
		</dict>
		<key>244210E48437B6556980A702</key>
		<dict>
			<key>isa</key>
			<string>PBXProject</string>
			<key>attributes</key>
			<dict>
				<key>BuildIndependentTargetsInParallel</key>
				<string>YES</string>
				<key>LastUpgradeCheck</key>
				<string>1600</string>
				<key>TargetAttributes</key>
				<dict>
					<key>34A04005BCAF206EEC990BD9</key>
					<dict>
						<key>CreatedOnToolsVersion</key>
						<string>16.0</string>
					</dict>
				</dict>
			</dict>
			<key>buildConfigurationList</key>
			<string>C631E4B921CE4474D0AB93BD</string>
			<key>compatibilityVersion</key>
			<string>Xcode 14.0</string>
			<key>developmentRegion</key>
			<string>ar</string>
			<key>hasScannedForEncodings</key>
			<integer>0</integer>
			<key>knownRegions</key>
			<array>
				<string>ar</string>
				<string>Base</string>
			</array>
			<key>mainGroup</key>
			<string>AD936FCBED631FA67E05C3EA</string>
			<key>packageReferences</key>
			<array>
				<string>BC4A71180870F7945155FBB0</string>
			</array>
			<key>productRefGroup</key>
			<string>0A3E27B8CA818264D75C8D81</string>
			<key>projectDirPath</key>
			<string></string>
			<key>projectRoot</key>
			<string></string>
			<key>targets</key>
			<array>
				<string>34A04005BCAF206EEC990BD9</string>
			</array>
		</dict>
	</dict>
	<key>rootObject</key>
	<string>244210E48437B6556980A702</string>
</dict>
</plist>
