<?xml version="1.0" encoding="UTF-8"?>
<!DOCTYPE plist PUBLIC "-//Apple//DTD PLIST 1.0//EN" "http://www.apple.com/DTDs/PropertyList-1.0.dtd">
<plist version="1.0">
<dict>
	<key>archiveVersion</key>
	<string>1</string>
	<key>classes</key>
	<dict/>
	<key>objectVersion</key>
	<string>56</string>
	<key>objects</key>
	<dict>
		<key>CF71265D7B1D119762E00D96</key>
		<dict>
			<key>isa</key>
			<string>PBXFileReference</string>
			<key>lastKnownFileType</key>
			<string>sourcecode.swift</string>
			<key>path</key>
			<string>App/NidaaProofApp.swift</string>
			<key>sourceTree</key>
			<string>&lt;group&gt;</string>
		</dict>
		<key>1B0F176134859935740537F5</key>
		<dict>
			<key>isa</key>
			<string>PBXBuildFile</string>
			<key>fileRef</key>
			<string>CF71265D7B1D119762E00D96</string>
		</dict>
		<key>295E1EA9E1C810B5D3520FA7</key>
		<dict>
			<key>isa</key>
			<string>PBXFileReference</string>
			<key>lastKnownFileType</key>
			<string>sourcecode.swift</string>
			<key>path</key>
			<string>App/ProofStore.swift</string>
			<key>sourceTree</key>
			<string>&lt;group&gt;</string>
		</dict>
		<key>380F5B81BE742D2A1035BD85</key>
		<dict>
			<key>isa</key>
			<string>PBXBuildFile</string>
			<key>fileRef</key>
			<string>295E1EA9E1C810B5D3520FA7</string>
		</dict>
		<key>E0711E1090D11B50809BFEAC</key>
		<dict>
			<key>isa</key>
			<string>PBXFileReference</string>
			<key>lastKnownFileType</key>
			<string>sourcecode.swift</string>
			<key>path</key>
			<string>App/ProofView.swift</string>
			<key>sourceTree</key>
			<string>&lt;group&gt;</string>
		</dict>
		<key>02CC08F56214CCC9E21572A6</key>
		<dict>
			<key>isa</key>
			<string>PBXBuildFile</string>
			<key>fileRef</key>
			<string>E0711E1090D11B50809BFEAC</string>
		</dict>
		<key>394EEEAE525E9FD2EFA8D844</key>
		<dict>
			<key>isa</key>
			<string>PBXFileReference</string>
			<key>lastKnownFileType</key>
			<string>sourcecode.swift</string>
			<key>path</key>
			<string>App/Services/LocalAuthenticationService.swift</string>
			<key>sourceTree</key>
			<string>&lt;group&gt;</string>
		</dict>
		<key>FD3DEDEC4EAFAC1361960809</key>
		<dict>
			<key>isa</key>
			<string>PBXBuildFile</string>
			<key>fileRef</key>
			<string>394EEEAE525E9FD2EFA8D844</string>
		</dict>
		<key>C20FFE94F73233D60DC74301</key>
		<dict>
			<key>isa</key>
			<string>PBXFileReference</string>
			<key>lastKnownFileType</key>
			<string>sourcecode.swift</string>
			<key>path</key>
			<string>App/Services/NotificationService.swift</string>
			<key>sourceTree</key>
			<string>&lt;group&gt;</string>
		</dict>
		<key>747812EEBB82067539DAAF72</key>
		<dict>
			<key>isa</key>
			<string>PBXBuildFile</string>
			<key>fileRef</key>
			<string>C20FFE94F73233D60DC74301</string>
		</dict>
		<key>BA3A0396A13C668ACCE40D2D</key>
		<dict>
			<key>isa</key>
			<string>PBXFileReference</string>
			<key>lastKnownFileType</key>
			<string>sourcecode.swift</string>
			<key>path</key>
			<string>App/Services/RemoteRegistrationService.swift</string>
			<key>sourceTree</key>
			<string>&lt;group&gt;</string>
		</dict>
		<key>1A3A61315CCF6ACA78BE974A</key>
		<dict>
			<key>isa</key>
			<string>PBXBuildFile</string>
			<key>fileRef</key>
			<string>BA3A0396A13C668ACCE40D2D</string>
		</dict>
		<key>06271BAF49532C879AA3C58B</key>
		<dict>
			<key>isa</key>
			<string>PBXFileReference</string>
			<key>lastKnownFileType</key>
			<string>text.plist.xml</string>
			<key>path</key>
			<string>App/Info.plist</string>
			<key>sourceTree</key>
			<string>&lt;group&gt;</string>
		</dict>
		<key>CAE662172FD450BB0CD710A7</key>
		<dict>
			<key>isa</key>
			<string>PBXFileReference</string>
			<key>lastKnownFileType</key>
			<string>text.xcconfig</string>
			<key>path</key>
			<string>Config/Base.xcconfig</string>
			<key>sourceTree</key>
			<string>&lt;group&gt;</string>
		</dict>
		<key>ADC5877FB1DA7D50EEC1C7B3</key>
		<dict>
			<key>isa</key>
			<string>PBXFileReference</string>
			<key>lastKnownFileType</key>
			<string>text.plist.entitlements</string>
			<key>path</key>
			<string>Config/APNs.entitlements</string>
			<key>sourceTree</key>
			<string>&lt;group&gt;</string>
		</dict>
		<key>BC4A71180870F7945155FBB0</key>
		<dict>
			<key>isa</key>
			<string>XCLocalSwiftPackageReference</string>
			<key>relativePath</key>
			<string>ProofCore</string>
		</dict>
		<key>8473FB7C391915EE75DAD5DA</key>
		<dict>
			<key>isa</key>
			<string>XCSwiftPackageProductDependency</string>
			<key>package</key>
			<string>BC4A71180870F7945155FBB0</string>
			<key>productName</key>
			<string>ProofCore</string>
		</dict>
		<key>91596F6079D535D734C1642A</key>
		<dict>
			<key>isa</key>
			<string>PBXBuildFile</string>
			<key>productRef</key>
			<string>8473FB7C391915EE75DAD5DA</string>
		</dict>
		<key>A172CEDCAE47474B615C54D5</key>
		<dict>
			<key>isa</key>
			<string>PBXFileReference</string>
			<key>explicitFileType</key>
			<string>wrapper.application</string>
			<key>includeInIndex</key>
			<integer>0</integer>
			<key>path</key>
			<string>NidaaProof.app</string>
			<key>sourceTree</key>
			<string>BUILT_PRODUCTS_DIR</string>
		</dict>
		<key>0A3E27B8CA818264D75C8D81</key>
		<dict>
			<key>isa</key>
			<string>PBXGroup</string>
			<key>children</key>
			<array>
				<string>A172CEDCAE47474B615C54D5</string>
				<string>78636E0DBA42FC3D337D6D88</string>
			</array>
			<key>name</key>
			<string>Products</string>
			<key>sourceTree</key>
			<string>&lt;group&gt;</string>
		</dict>
		<key>AD936FCBED631FA67E05C3EA</key>
		<dict>
			<key>isa</key>
			<string>PBXGroup</string>
			<key>children</key>
			<array>
				<string>CF71265D7B1D119762E00D96</string>
				<string>295E1EA9E1C810B5D3520FA7</string>
				<string>E0711E1090D11B50809BFEAC</string>
				<string>394EEEAE525E9FD2EFA8D844</string>
				<string>C20FFE94F73233D60DC74301</string>
				<string>BA3A0396A13C668ACCE40D2D</string>
				<string>06271BAF49532C879AA3C58B</string>
				<string>CAE662172FD450BB0CD710A7</string>
				<string>ADC5877FB1DA7D50EEC1C7B3</string>
				<string>0A3E27B8CA818264D75C8D81</string>
				<string>79A8A6A6884CC5FDE72FEA6C</string>
				<string>945556147EFD51EB2EAF87C9</string>
				<string>EC4CFE32FCB35957B2623862</string>
				<string>EDC9ED0B1BA3F6B180A49831</string>
				<string>E56E2AE7AC16A5598F6667E9</string>
				<string>91172332A65DD05E910AF1CD</string>
				<string>3C43497DA3F4B4134A3CFD93</string>
				<string>4677577A882D0A64A399D344</string>
				<string>54176D157F0056FDB39816AE</string>
				<string>E341805315F826A4547F11C4</string>
				<string>533730ED4FBB6078BB07FA4D</string>
				<string>BFD4CA56913AD68A565B9966</string>
				<string>3F470365DB43FAF1161163EF</string>
				<string>E9A83FD5A2CCCE268C4BC04D</string>
				<string>71C16FF74D14CB1BCD022BFC</string>
				<string>B2D5A7C50922AFFC47786FBD</string>
				<string>A1EDE741A66E14BAC1DB31E3</string>
			</array>
			<key>sourceTree</key>
			<string>&lt;group&gt;</string>
		</dict>
		<key>878A52FC5FF6A57D50B7B870</key>
		<dict>
			<key>isa</key>
			<string>PBXSourcesBuildPhase</string>
			<key>buildActionMask</key>
			<integer>2147483647</integer>
			<key>files</key>
			<array>
				<string>1B0F176134859935740537F5</string>
				<string>380F5B81BE742D2A1035BD85</string>
				<string>02CC08F56214CCC9E21572A6</string>
				<string>FD3DEDEC4EAFAC1361960809</string>
				<string>747812EEBB82067539DAAF72</string>
				<string>1A3A61315CCF6ACA78BE974A</string>
				<string>33E07460DFCD50BF67C473DA</string>
				<string>518048F7ED03E56E3EBEC862</string>
				<string>9B06B500B4E9826CE38EB2C2</string>
				<string>0E686C9E5100B24FF8243D4F</string>
				<string>A77DE2C7BB27DCB3103DCD23</string>
				<string>A03B7D36EC9F7E323207C4B7</string>
				<string>433FB30A2ED4408E0054226B</string>
				<string>88A4889F69D8981B26A5A2E0</string>
				<string>AD4048EB4880190AA5822923</string>
				<string>F6890270E77ACD7C461CA332</string>
				<string>695D75E47D9D51CFD7447B51</string>
			</array>
			<key>runOnlyForDeploymentPostprocessing</key>
			<integer>0</integer>
		</dict>
		<key>E2AA269EB967A8853A258BFA</key>
		<dict>
			<key>isa</key>
			<string>PBXFrameworksBuildPhase</string>
			<key>buildActionMask</key>
			<integer>2147483647</integer>
			<key>files</key>
			<array>
				<string>91596F6079D535D734C1642A</string>
				<string>49735028B946D33845375B44</string>
			</array>
			<key>runOnlyForDeploymentPostprocessing</key>
			<integer>0</integer>
		</dict>
		<key>41D311A605520FC7B8B9A980</key>
		<dict>
			<key>isa</key>
			<string>PBXResourcesBuildPhase</string>
			<key>buildActionMask</key>
			<integer>2147483647</integer>
			<key>files</key>
			<array>
				<string>67D6A23011F8CEA52B3B44D9</string>
			</array>
			<key>runOnlyForDeploymentPostprocessing</key>
			<integer>0</integer>
		</dict>
		<key>7607E060366236497909AD63</key>
		<dict>
			<key>isa</key>
			<string>XCBuildConfiguration</string>
			<key>name</key>
			<string>Debug</string>
			<key>buildSettings</key>
			<dict>
				<key>SDKROOT</key>
				<string>iphoneos</string>
				<key>CLANG_ENABLE_MODULES</key>
				<string>YES</string>
				<key>ENABLE_STRICT_OBJC_MSGSEND</key>
				<string>YES</string>
				<key>SWIFT_OPTIMIZATION_LEVEL</key>
				<string>-Onone</string>
				<key>SWIFT_COMPILATION_MODE</key>
				<string>singlefile</string>
				<key>DEBUG_INFORMATION_FORMAT</key>
				<string>dwarf</string>
				<key>ONLY_ACTIVE_ARCH</key>
				<string>YES</string>
			</dict>
		</dict>
		<key>20D16222A5CB9C5786FEB6B3</key>
		<dict>
			<key>isa</key>
			<string>XCBuildConfiguration</string>
			<key>name</key>
			<string>Debug</string>
			<key>baseConfigurationReference</key>
			<string>CAE662172FD450BB0CD710A7</string>
			<key>buildSettings</key>
			<dict>
				<key>PRODUCT_NAME</key>
				<string>NidaaProof</string>
				<key>SWIFT_ACTIVE_COMPILATION_CONDITIONS</key>
				<string>$(inherited) DEBUG</string>
				<key>CODE_SIGN_ENTITLEMENTS</key>
				<string></string>
				<key>LD_RUNPATH_SEARCH_PATHS</key>
				<array>
					<string>$(inherited)</string>
					<string>@executable_path/Frameworks</string>
				</array>
				<key>ENABLE_PREVIEWS</key>
				<string>YES</string>
				<key>ENABLE_TESTABILITY</key>
				<string>YES</string>
				<key>SUPPORTED_PLATFORMS</key>
				<string>iphoneos iphonesimulator</string>
				<key>ONLY_ACTIVE_ARCH</key>
				<string>YES</string>
				<key>INFOPLIST_FILE</key>
				<string>Config/Integration-Debug-Info.plist</string>
			</dict>
		</dict>
		<key>0CC31A010A9EAFED2597BEBC</key>
		<dict>
			<key>isa</key>
			<string>XCBuildConfiguration</string>
			<key>name</key>
			<string>Release</string>
			<key>buildSettings</key>
			<dict>
				<key>SDKROOT</key>
				<string>iphoneos</string>
				<key>CLANG_ENABLE_MODULES</key>
				<string>YES</string>
				<key>ENABLE_STRICT_OBJC_MSGSEND</key>
				<string>YES</string>
				<key>SWIFT_OPTIMIZATION_LEVEL</key>
				<string>-O</string>
				<key>SWIFT_COMPILATION_MODE</key>
				<string>wholemodule</string>
				<key>DEBUG_INFORMATION_FORMAT</key>
				<string>dwarf-with-dsym</string>
			</dict>
		</dict>
		<key>A74CFA757CE7CA1700BC6197</key>
		<dict>
			<key>isa</key>
			<string>XCBuildConfiguration</string>
			<key>name</key>
			<string>Release</string>
			<key>baseConfigurationReference</key>
			<string>CAE662172FD450BB0CD710A7</string>
			<key>buildSettings</key>
			<dict>
				<key>PRODUCT_NAME</key>
				<string>NidaaProof</string>
				<key>SWIFT_ACTIVE_COMPILATION_CONDITIONS</key>
				<string>$(inherited)</string>
				<key>CODE_SIGN_ENTITLEMENTS</key>
				<string></string>
				<key>LD_RUNPATH_SEARCH_PATHS</key>
				<array>
					<string>$(inherited)</string>
					<string>@executable_path/Frameworks</string>
				</array>
				<key>ENABLE_PREVIEWS</key>
				<string>YES</string>
				<key>ENABLE_TESTABILITY</key>
				<string>NO</string>
				<key>SUPPORTED_PLATFORMS</key>
				<string>iphoneos iphonesimulator</string>
			</dict>
		</dict>
		<key>C8F11856DC180C1D6639EFDC</key>
		<dict>
			<key>isa</key>
			<string>XCBuildConfiguration</string>
			<key>name</key>
			<string>APNs-Debug</string>
			<key>buildSettings</key>
			<dict>
				<key>SDKROOT</key>
				<string>iphoneos</string>
				<key>CLANG_ENABLE_MODULES</key>
				<string>YES</string>
				<key>ENABLE_STRICT_OBJC_MSGSEND</key>
				<string>YES</string>
				<key>SWIFT_OPTIMIZATION_LEVEL</key>
				<string>-Onone</string>
				<key>SWIFT_COMPILATION_MODE</key>
				<string>singlefile</string>
				<key>DEBUG_INFORMATION_FORMAT</key>
				<string>dwarf</string>
				<key>ONLY_ACTIVE_ARCH</key>
				<string>YES</string>
			</dict>
		</dict>
		<key>11818935F2B39E94CACA2384</key>
		<dict>
			<key>isa</key>
			<string>XCBuildConfiguration</string>
			<key>name</key>
			<string>APNs-Debug</string>
			<key>baseConfigurationReference</key>
			<string>CAE662172FD450BB0CD710A7</string>
			<key>buildSettings</key>
			<dict>
				<key>PRODUCT_NAME</key>
				<string>NidaaProof</string>
				<key>SWIFT_ACTIVE_COMPILATION_CONDITIONS</key>
				<string>$(inherited) DEBUG APNS_ENABLED</string>
				<key>CODE_SIGN_ENTITLEMENTS</key>
				<string>Config/APNs.entitlements</string>
				<key>LD_RUNPATH_SEARCH_PATHS</key>
				<array>
					<string>$(inherited)</string>
					<string>@executable_path/Frameworks</string>
				</array>
				<key>ENABLE_PREVIEWS</key>
				<string>YES</string>
				<key>ENABLE_TESTABILITY</key>
				<string>YES</string>
				<key>SUPPORTED_PLATFORMS</key>
				<string>iphoneos iphonesimulator</string>
				<key>ONLY_ACTIVE_ARCH</key>
				<string>YES</string>
			</dict>
		</dict>
		<key>C631E4B921CE4474D0AB93BD</key>
		<dict>
			<key>isa</key>
			<string>XCConfigurationList</string>
			<key>buildConfigurations</key>
			<array>
				<string>7607E060366236497909AD63</string>
				<string>0CC31A010A9EAFED2597BEBC</string>
				<string>C8F11856DC180C1D6639EFDC</string>
			</array>
			<key>defaultConfigurationIsVisible</key>
			<integer>0</integer>
			<key>defaultConfigurationName</key>
			<string>Debug</string>
		</dict>
		<key>E4258A205610D5937B99C201</key>
		<dict>
			<key>isa</key>
			<string>XCConfigurationList</string>
			<key>buildConfigurations</key>
			<array>
				<string>20D16222A5CB9C5786FEB6B3</string>
				<string>A74CFA757CE7CA1700BC6197</string>
				<string>11818935F2B39E94CACA2384</string>
			</array>
			<key>defaultConfigurationIsVisible</key>
			<integer>0</integer>
			<key>defaultConfigurationName</key>
			<string>Debug</string>
		</dict>
		<key>34A04005BCAF206EEC990BD9</key>
		<dict>
			<key>isa</key>
			<string>PBXNativeTarget</string>
			<key>buildConfigurationList</key>
			<string>E4258A205610D5937B99C201</string>
			<key>buildPhases</key>
			<array>
				<string>878A52FC5FF6A57D50B7B870</string>
				<string>E2AA269EB967A8853A258BFA</string>
				<string>41D311A605520FC7B8B9A980</string>
			</array>
			<key>buildRules</key>
			<array/>
			<key>dependencies</key>
			<array/>
			<key>name</key>
			<string>NidaaProof</string>
			<key>packageProductDependencies</key>
			<array>
				<string>8473FB7C391915EE75DAD5DA</string>
				<string>1DADDDBCA3548331685B01B9</string>
			</array>
			<key>productName</key>
			<string>NidaaProof</string>
			<key>productReference</key>
			<string>A172CEDCAE47474B615C54D5</string>
			<key>productType</key>
			<string>com.apple.product-type.application</string>
		</dict>
		<key>244210E48437B6556980A702</key>
		<dict>
			<key>isa</key>
			<string>PBXProject</string>
			<key>attributes</key>
			<dict>
				<key>BuildIndependentTargetsInParallel</key>
				<string>YES</string>
				<key>LastUpgradeCheck</key>
				<string>1600</string>
				<key>TargetAttributes</key>
				<dict>
					<key>34A04005BCAF206EEC990BD9</key>
					<dict>
						<key>CreatedOnToolsVersion</key>
						<string>16.0</string>
					</dict>
					<key>29F61BA124BD16CEB708C698</key>
					<dict>
						<key>CreatedOnToolsVersion</key>
						<string>16.0</string>
						<key>TestTargetID</key>
						<string>34A04005BCAF206EEC990BD9</string>
					</dict>
				</dict>
			</dict>
			<key>buildConfigurationList</key>
			<string>C631E4B921CE4474D0AB93BD</string>
			<key>compatibilityVersion</key>
			<string>Xcode 14.0</string>
			<key>developmentRegion</key>
			<string>ar</string>
			<key>hasScannedForEncodings</key>
			<integer>0</integer>
			<key>knownRegions</key>
			<array>
				<string>ar</string>
				<string>Base</string>
			</array>
			<key>mainGroup</key>
			<string>AD936FCBED631FA67E05C3EA</string>
			<key>packageReferences</key>
			<array>
				<string>BC4A71180870F7945155FBB0</string>
				<string>F1DE612B83071990990C5573</string>
			</array>
			<key>productRefGroup</key>
			<string>0A3E27B8CA818264D75C8D81</string>
			<key>projectDirPath</key>
			<string></string>
			<key>projectRoot</key>
			<string></string>
			<key>targets</key>
			<array>
				<string>34A04005BCAF206EEC990BD9</string>
				<string>29F61BA124BD16CEB708C698</string>
			</array>
		</dict>
		<key>79A8A6A6884CC5FDE72FEA6C</key>
		<dict>
			<key>isa</key>
			<string>PBXFileReference</string>
			<key>lastKnownFileType</key>
			<string>sourcecode.swift</string>
			<key>path</key>
			<string>App/Experience/AlertScreens.swift</string>
			<key>sourceTree</key>
			<string>&lt;group&gt;</string>
		</dict>
		<key>33E07460DFCD50BF67C473DA</key>
		<dict>
			<key>isa</key>
			<string>PBXBuildFile</string>
			<key>fileRef</key>
			<string>79A8A6A6884CC5FDE72FEA6C</string>
		</dict>
		<key>945556147EFD51EB2EAF87C9</key>
		<dict>
			<key>isa</key>
			<string>PBXFileReference</string>
			<key>lastKnownFileType</key>
			<string>sourcecode.swift</string>
			<key>path</key>
			<string>App/Experience/DesignSystem.swift</string>
			<key>sourceTree</key>
			<string>&lt;group&gt;</string>
		</dict>
		<key>518048F7ED03E56E3EBEC862</key>
		<dict>
			<key>isa</key>
			<string>PBXBuildFile</string>
			<key>fileRef</key>
			<string>945556147EFD51EB2EAF87C9</string>
		</dict>
		<key>EC4CFE32FCB35957B2623862</key>
		<dict>
			<key>isa</key>
			<string>PBXFileReference</string>
			<key>lastKnownFileType</key>
			<string>sourcecode.swift</string>
			<key>path</key>
			<string>App/Experience/ExperienceRoot.swift</string>
			<key>sourceTree</key>
			<string>&lt;group&gt;</string>
		</dict>
		<key>9B06B500B4E9826CE38EB2C2</key>
		<dict>
			<key>isa</key>
			<string>PBXBuildFile</string>
			<key>fileRef</key>
			<string>EC4CFE32FCB35957B2623862</string>
		</dict>
		<key>EDC9ED0B1BA3F6B180A49831</key>
		<dict>
			<key>isa</key>
			<string>PBXFileReference</string>
			<key>lastKnownFileType</key>
			<string>sourcecode.swift</string>
			<key>path</key>
			<string>App/Experience/ExperienceStore.swift</string>
			<key>sourceTree</key>
			<string>&lt;group&gt;</string>
		</dict>
		<key>0E686C9E5100B24FF8243D4F</key>
		<dict>
			<key>isa</key>
			<string>PBXBuildFile</string>
			<key>fileRef</key>
			<string>EDC9ED0B1BA3F6B180A49831</string>
		</dict>
		<key>E56E2AE7AC16A5598F6667E9</key>
		<dict>
			<key>isa</key>
			<string>PBXFileReference</string>
			<key>lastKnownFileType</key>
			<string>sourcecode.swift</string>
			<key>path</key>
			<string>App/Experience/HomeContacts.swift</string>
			<key>sourceTree</key>
			<string>&lt;group&gt;</string>
		</dict>
		<key>A77DE2C7BB27DCB3103DCD23</key>
		<dict>
			<key>isa</key>
			<string>PBXBuildFile</string>
			<key>fileRef</key>
			<string>E56E2AE7AC16A5598F6667E9</string>
		</dict>
		<key>91172332A65DD05E910AF1CD</key>
		<dict>
			<key>isa</key>
			<string>PBXFileReference</string>
			<key>lastKnownFileType</key>
			<string>sourcecode.swift</string>
			<key>path</key>
			<string>App/Experience/SettingsScreens.swift</string>
			<key>sourceTree</key>
			<string>&lt;group&gt;</string>
		</dict>
		<key>A03B7D36EC9F7E323207C4B7</key>
		<dict>
			<key>isa</key>
			<string>PBXBuildFile</string>
			<key>fileRef</key>
			<string>91172332A65DD05E910AF1CD</string>
		</dict>
		<key>3C43497DA3F4B4134A3CFD93</key>
		<dict>
			<key>isa</key>
			<string>PBXFileReference</string>
			<key>lastKnownFileType</key>
			<string>sourcecode.swift</string>
			<key>path</key>
			<string>App/Services/ExecutionScope.swift</string>
			<key>sourceTree</key>
			<string>&lt;group&gt;</string>
		</dict>
		<key>433FB30A2ED4408E0054226B</key>
		<dict>
			<key>isa</key>
			<string>PBXBuildFile</string>
			<key>fileRef</key>
			<string>3C43497DA3F4B4134A3CFD93</string>
		</dict>
		<key>4677577A882D0A64A399D344</key>
		<dict>
			<key>isa</key>
			<string>PBXFileReference</string>
			<key>lastKnownFileType</key>
			<string>text.xml</string>
			<key>path</key>
			<string>App/PrivacyInfo.xcprivacy</string>
			<key>sourceTree</key>
			<string>&lt;group&gt;</string>
		</dict>
		<key>67D6A23011F8CEA52B3B44D9</key>
		<dict>
			<key>isa</key>
			<string>PBXBuildFile</string>
			<key>fileRef</key>
			<string>4677577A882D0A64A399D344</string>
		</dict>
		<key>54176D157F0056FDB39816AE</key>
		<dict>
			<key>isa</key>
			<string>PBXFileReference</string>
			<key>lastKnownFileType</key>
			<string>sourcecode.swift</string>
			<key>path</key>
			<string>UITests/LocalExperienceUITests.swift</string>
			<key>sourceTree</key>
			<string>&lt;group&gt;</string>
		</dict>
		<key>EF20ADDCE161025C889D5F4D</key>
		<dict>
			<key>isa</key>
			<string>PBXBuildFile</string>
			<key>fileRef</key>
			<string>54176D157F0056FDB39816AE</string>
		</dict>
		<key>8176357872C6D2671EDDD482</key>
		<dict>
			<key>isa</key>
			<string>PBXSourcesBuildPhase</string>
			<key>buildActionMask</key>
			<integer>2147483647</integer>
			<key>files</key>
			<array>
				<string>EF20ADDCE161025C889D5F4D</string>
				<string>53118AF991FBD478BF33848C</string>
				<string>9B229763DFD90D969CFDD2C8</string>
				<string>D3B9E1B971F7E3D4AD21E830</string>
				<string>77AC2BCE78BDE7012806B965</string>
			</array>
			<key>runOnlyForDeploymentPostprocessing</key>
			<integer>0</integer>
		</dict>
		<key>E75DA43076C3D9BB6D3173CB</key>
		<dict>
			<key>isa</key>
			<string>PBXFrameworksBuildPhase</string>
			<key>buildActionMask</key>
			<integer>2147483647</integer>
			<key>files</key>
			<array/>
			<key>runOnlyForDeploymentPostprocessing</key>
			<integer>0</integer>
		</dict>
		<key>D6466C72DBF29EC3D1082B5F</key>
		<dict>
			<key>isa</key>
			<string>PBXResourcesBuildPhase</string>
			<key>buildActionMask</key>
			<integer>2147483647</integer>
			<key>files</key>
			<array/>
			<key>runOnlyForDeploymentPostprocessing</key>
			<integer>0</integer>
		</dict>
		<key>78636E0DBA42FC3D337D6D88</key>
		<dict>
			<key>isa</key>
			<string>PBXFileReference</string>
			<key>explicitFileType</key>
			<string>wrapper.cfbundle</string>
			<key>includeInIndex</key>
			<integer>0</integer>
			<key>path</key>
			<string>NidaaUITests.xctest</string>
			<key>sourceTree</key>
			<string>BUILT_PRODUCTS_DIR</string>
		</dict>
		<key>4C131E38FD877E64691102FB</key>
		<dict>
			<key>isa</key>
			<string>PBXContainerItemProxy</string>
			<key>containerPortal</key>
			<string>244210E48437B6556980A702</string>
			<key>proxyType</key>
			<integer>1</integer>
			<key>remoteGlobalIDString</key>
			<string>34A04005BCAF206EEC990BD9</string>
			<key>remoteInfo</key>
			<string>NidaaProof</string>
		</dict>
		<key>F6892274054FCFB0E0594D86</key>
		<dict>
			<key>isa</key>
			<string>PBXTargetDependency</string>
			<key>target</key>
			<string>34A04005BCAF206EEC990BD9</string>
			<key>targetProxy</key>
			<string>4C131E38FD877E64691102FB</string>
		</dict>
		<key>E1C2E37156FCF63212D4222B</key>
		<dict>
			<key>isa</key>
			<string>XCBuildConfiguration</string>
			<key>name</key>
			<string>Debug</string>
			<key>buildSettings</key>
			<dict>
				<key>PRODUCT_NAME</key>
				<string>NidaaUITests</string>
				<key>PRODUCT_BUNDLE_IDENTIFIER</key>
				<string>$(NIDAA_BUNDLE_ID).uitests</string>
				<key>GENERATE_INFOPLIST_FILE</key>
				<string>YES</string>
				<key>SWIFT_VERSION</key>
				<string>5.0</string>
				<key>IPHONEOS_DEPLOYMENT_TARGET</key>
				<string>16.0</string>
				<key>TARGETED_DEVICE_FAMILY</key>
				<string>1</string>
				<key>SDKROOT</key>
				<string>iphoneos</string>
				<key>SUPPORTED_PLATFORMS</key>
				<string>iphoneos iphonesimulator</string>
				<key>CODE_SIGN_STYLE</key>
				<string>Automatic</string>
				<key>TEST_TARGET_NAME</key>
				<string>NidaaProof</string>
				<key>LD_RUNPATH_SEARCH_PATHS</key>
				<array>
					<string>$(inherited)</string>
					<string>@executable_path/Frameworks</string>
					<string>@loader_path/Frameworks</string>
				</array>
				<key>SWIFT_ACTIVE_COMPILATION_CONDITIONS</key>
				<string>DEBUG</string>
				<key>ONLY_ACTIVE_ARCH</key>
				<string>YES</string>
			</dict>
		</dict>
		<key>23E2D460E0A0626257522466</key>
		<dict>
			<key>isa</key>
			<string>XCBuildConfiguration</string>
			<key>name</key>
			<string>Release</string>
			<key>buildSettings</key>
			<dict>
				<key>PRODUCT_NAME</key>
				<string>NidaaUITests</string>
				<key>PRODUCT_BUNDLE_IDENTIFIER</key>
				<string>$(NIDAA_BUNDLE_ID).uitests</string>
				<key>GENERATE_INFOPLIST_FILE</key>
				<string>YES</string>
				<key>SWIFT_VERSION</key>
				<string>5.0</string>
				<key>IPHONEOS_DEPLOYMENT_TARGET</key>
				<string>16.0</string>
				<key>TARGETED_DEVICE_FAMILY</key>
				<string>1</string>
				<key>SDKROOT</key>
				<string>iphoneos</string>
				<key>SUPPORTED_PLATFORMS</key>
				<string>iphoneos iphonesimulator</string>
				<key>CODE_SIGN_STYLE</key>
				<string>Automatic</string>
				<key>TEST_TARGET_NAME</key>
				<string>NidaaProof</string>
				<key>LD_RUNPATH_SEARCH_PATHS</key>
				<array>
					<string>$(inherited)</string>
					<string>@executable_path/Frameworks</string>
					<string>@loader_path/Frameworks</string>
				</array>
				<key>SWIFT_ACTIVE_COMPILATION_CONDITIONS</key>
				<string></string>
			</dict>
		</dict>
		<key>04ABC7638B23A40241420DBB</key>
		<dict>
			<key>isa</key>
			<string>XCBuildConfiguration</string>
			<key>name</key>
			<string>APNs-Debug</string>
			<key>buildSettings</key>
			<dict>
				<key>PRODUCT_NAME</key>
				<string>NidaaUITests</string>
				<key>PRODUCT_BUNDLE_IDENTIFIER</key>
				<string>$(NIDAA_BUNDLE_ID).uitests</string>
				<key>GENERATE_INFOPLIST_FILE</key>
				<string>YES</string>
				<key>SWIFT_VERSION</key>
				<string>5.0</string>
				<key>IPHONEOS_DEPLOYMENT_TARGET</key>
				<string>16.0</string>
				<key>TARGETED_DEVICE_FAMILY</key>
				<string>1</string>
				<key>SDKROOT</key>
				<string>iphoneos</string>
				<key>SUPPORTED_PLATFORMS</key>
				<string>iphoneos iphonesimulator</string>
				<key>CODE_SIGN_STYLE</key>
				<string>Automatic</string>
				<key>TEST_TARGET_NAME</key>
				<string>NidaaProof</string>
				<key>LD_RUNPATH_SEARCH_PATHS</key>
				<array>
					<string>$(inherited)</string>
					<string>@executable_path/Frameworks</string>
					<string>@loader_path/Frameworks</string>
				</array>
				<key>SWIFT_ACTIVE_COMPILATION_CONDITIONS</key>
				<string>DEBUG</string>
				<key>ONLY_ACTIVE_ARCH</key>
				<string>YES</string>
			</dict>
		</dict>
		<key>E0E81123A997D116271FDC33</key>
		<dict>
			<key>isa</key>
			<string>XCConfigurationList</string>
			<key>buildConfigurations</key>
			<array>
				<string>E1C2E37156FCF63212D4222B</string>
				<string>23E2D460E0A0626257522466</string>
				<string>04ABC7638B23A40241420DBB</string>
			</array>
			<key>defaultConfigurationIsVisible</key>
			<integer>0</integer>
			<key>defaultConfigurationName</key>
			<string>Debug</string>
		</dict>
		<key>29F61BA124BD16CEB708C698</key>
		<dict>
			<key>isa</key>
			<string>PBXNativeTarget</string>
			<key>buildConfigurationList</key>
			<string>E0E81123A997D116271FDC33</string>
			<key>buildPhases</key>
			<array>
				<string>8176357872C6D2671EDDD482</string>
				<string>E75DA43076C3D9BB6D3173CB</string>
				<string>D6466C72DBF29EC3D1082B5F</string>
			</array>
			<key>buildRules</key>
			<array/>
			<key>dependencies</key>
			<array>
				<string>F6892274054FCFB0E0594D86</string>
			</array>
			<key>name</key>
			<string>NidaaUITests</string>
			<key>packageProductDependencies</key>
			<array/>
			<key>productName</key>
			<string>NidaaUITests</string>
			<key>productReference</key>
			<string>78636E0DBA42FC3D337D6D88</string>
			<key>productType</key>
			<string>com.apple.product-type.bundle.ui-testing</string>
		</dict>
		<key>F1DE612B83071990990C5573</key>
		<dict>
			<key>isa</key>
			<string>XCLocalSwiftPackageReference</string>
			<key>relativePath</key>
			<string>IntegrationClient</string>
		</dict>
		<key>1DADDDBCA3548331685B01B9</key>
		<dict>
			<key>isa</key>
			<string>XCSwiftPackageProductDependency</string>
			<key>package</key>
			<string>F1DE612B83071990990C5573</string>
			<key>productName</key>
			<string>NidaaIntegration</string>
		</dict>
		<key>49735028B946D33845375B44</key>
		<dict>
			<key>isa</key>
			<string>PBXBuildFile</string>
			<key>productRef</key>
			<string>1DADDDBCA3548331685B01B9</string>
		</dict>
		<key>E341805315F826A4547F11C4</key>
		<dict>
			<key>isa</key>
			<string>PBXFileReference</string>
			<key>lastKnownFileType</key>
			<string>sourcecode.swift</string>
			<key>path</key>
			<string>App/Integration/IntegrationAlerts.swift</string>
			<key>sourceTree</key>
			<string>&lt;group&gt;</string>
		</dict>
		<key>88A4889F69D8981B26A5A2E0</key>
		<dict>
			<key>isa</key>
			<string>PBXBuildFile</string>
			<key>fileRef</key>
			<string>E341805315F826A4547F11C4</string>
		</dict>
		<key>533730ED4FBB6078BB07FA4D</key>
		<dict>
			<key>isa</key>
			<string>PBXFileReference</string>
			<key>lastKnownFileType</key>
			<string>sourcecode.swift</string>
			<key>path</key>
			<string>App/Integration/IntegrationScreens.swift</string>
			<key>sourceTree</key>
			<string>&lt;group&gt;</string>
		</dict>
		<key>AD4048EB4880190AA5822923</key>
		<dict>
			<key>isa</key>
			<string>PBXBuildFile</string>
			<key>fileRef</key>
			<string>533730ED4FBB6078BB07FA4D</string>
		</dict>
		<key>BFD4CA56913AD68A565B9966</key>
		<dict>
			<key>isa</key>
			<string>PBXFileReference</string>
			<key>lastKnownFileType</key>
			<string>sourcecode.swift</string>
			<key>path</key>
			<string>App/Integration/IntegrationStore.swift</string>
			<key>sourceTree</key>
			<string>&lt;group&gt;</string>
		</dict>
		<key>F6890270E77ACD7C461CA332</key>
		<dict>
			<key>isa</key>
			<string>PBXBuildFile</string>
			<key>fileRef</key>
			<string>BFD4CA56913AD68A565B9966</string>
		</dict>
		<key>3F470365DB43FAF1161163EF</key>
		<dict>
			<key>isa</key>
			<string>PBXFileReference</string>
			<key>lastKnownFileType</key>
			<string>sourcecode.swift</string>
			<key>path</key>
			<string>UITests/IntegrationUITests.swift</string>
			<key>sourceTree</key>
			<string>&lt;group&gt;</string>
		</dict>
		<key>53118AF991FBD478BF33848C</key>
		<dict>
			<key>isa</key>
			<string>PBXBuildFile</string>
			<key>fileRef</key>
			<string>3F470365DB43FAF1161163EF</string>
		</dict>
		<key>E9A83FD5A2CCCE268C4BC04D</key>
		<dict>
			<key>isa</key>
			<string>PBXFileReference</string>
			<key>lastKnownFileType</key>
			<string>sourcecode.swift</string>
			<key>path</key>
			<string>App/Integration/IntegrationCredentialField.swift</string>
			<key>sourceTree</key>
			<string>&lt;group&gt;</string>
		</dict>
		<key>695D75E47D9D51CFD7447B51</key>
		<dict>
			<key>isa</key>
			<string>PBXBuildFile</string>
			<key>fileRef</key>
			<string>E9A83FD5A2CCCE268C4BC04D</string>
		</dict>
		<key>71C16FF74D14CB1BCD022BFC</key>
		<dict>
			<key>isa</key>
			<string>PBXFileReference</string>
			<key>lastKnownFileType</key>
			<string>sourcecode.swift</string>
			<key>path</key>
			<string>UITests/AutoFillUITests.swift</string>
			<key>sourceTree</key>
			<string>&lt;group&gt;</string>
		</dict>
		<key>9B229763DFD90D969CFDD2C8</key>
		<dict>
			<key>isa</key>
			<string>PBXBuildFile</string>
			<key>fileRef</key>
			<string>71C16FF74D14CB1BCD022BFC</string>
		</dict>
		<key>B2D5A7C50922AFFC47786FBD</key>
		<dict>
			<key>isa</key>
			<string>PBXFileReference</string>
			<key>lastKnownFileType</key>
			<string>sourcecode.swift</string>
			<key>path</key>
			<string>UITests/IntegrationTestSupport.swift</string>
			<key>sourceTree</key>
			<string>&lt;group&gt;</string>
		</dict>
		<key>D3B9E1B971F7E3D4AD21E830</key>
		<dict>
			<key>isa</key>
			<string>PBXBuildFile</string>
			<key>fileRef</key>
			<string>B2D5A7C50922AFFC47786FBD</string>
		</dict>
		<key>A1EDE741A66E14BAC1DB31E3</key>
		<dict>
			<key>isa</key>
			<string>PBXFileReference</string>
			<key>lastKnownFileType</key>
			<string>sourcecode.swift</string>
			<key>path</key>
			<string>UITests/NativeIntegrationUITests.swift</string>
			<key>sourceTree</key>
			<string>&lt;group&gt;</string>
		</dict>
		<key>77AC2BCE78BDE7012806B965</key>
		<dict>
			<key>isa</key>
			<string>PBXBuildFile</string>
			<key>fileRef</key>
			<string>A1EDE741A66E14BAC1DB31E3</string>
		</dict>
	</dict>
	<key>rootObject</key>
	<string>244210E48437B6556980A702</string>
</dict>
</plist>
